
Microsoft Visual Studio Solution File, Format Version 12.00
# Visual Studio 15
VisualStudioVersion = 15.0.28307.329
MinimumVisualStudioVersion = 10.0.40219.1
Project("{9A19103F-16F7-4668-BE54-9A1E7A4F7556}") = "ParleoBackend", "ParleoBackend\ParleoBackend.csproj", "{5E0AC95E-9E3D-4149-96D8-33B3EB8B01C7}"
EndProject
Project("{FAE04EC0-301F-11D3-BF4B-00C04F79EFBC}") = "Parleo.BLL", "Parleo.BLL\Parleo.BLL.csproj", "{77F7AEC2-90B3-437D-AF23-0251CEE9F277}"
EndProject
Project("{FAE04EC0-301F-11D3-BF4B-00C04F79EFBC}") = "Parleo.DAL", "Parleo.DAL\Parleo.DAL.csproj", "{6065DD42-E241-4605-805A-D816B6A87934}"
EndProject
Global
	GlobalSection(SolutionConfigurationPlatforms) = preSolution
		Debug|Any CPU = Debug|Any CPU
		Release|Any CPU = Release|Any CPU
	EndGlobalSection
	GlobalSection(ProjectConfigurationPlatforms) = postSolution
		{5E0AC95E-9E3D-4149-96D8-33B3EB8B01C7}.Debug|Any CPU.ActiveCfg = Debug|Any CPU
		{5E0AC95E-9E3D-4149-96D8-33B3EB8B01C7}.Debug|Any CPU.Build.0 = Debug|Any CPU
		{5E0AC95E-9E3D-4149-96D8-33B3EB8B01C7}.Release|Any CPU.ActiveCfg = Release|Any CPU
		{5E0AC95E-9E3D-4149-96D8-33B3EB8B01C7}.Release|Any CPU.Build.0 = Release|Any CPU
		{77F7AEC2-90B3-437D-AF23-0251CEE9F277}.Debug|Any CPU.ActiveCfg = Debug|Any CPU
		{77F7AEC2-90B3-437D-AF23-0251CEE9F277}.Debug|Any CPU.Build.0 = Debug|Any CPU
		{77F7AEC2-90B3-437D-AF23-0251CEE9F277}.Release|Any CPU.ActiveCfg = Release|Any CPU
		{77F7AEC2-90B3-437D-AF23-0251CEE9F277}.Release|Any CPU.Build.0 = Release|Any CPU
		{6065DD42-E241-4605-805A-D816B6A87934}.Debug|Any CPU.ActiveCfg = Debug|Any CPU
		{6065DD42-E241-4605-805A-D816B6A87934}.Debug|Any CPU.Build.0 = Debug|Any CPU
		{6065DD42-E241-4605-805A-D816B6A87934}.Release|Any CPU.ActiveCfg = Release|Any CPU
		{6065DD42-E241-4605-805A-D816B6A87934}.Release|Any CPU.Build.0 = Release|Any CPU
	EndGlobalSection
	GlobalSection(SolutionProperties) = preSolution
		HideSolutionNode = FALSE
	EndGlobalSection
	GlobalSection(ExtensibilityGlobals) = postSolution
		SolutionGuid = {A7DA9A3B-2B76-4B98-B2E6-7D4B46DF49C8}
	EndGlobalSection
EndGlobal
